
Microsoft Visual Studio Solution File, Format Version 12.00
# Visual Studio 14
Project("{FAE04EC0-301F-11D3-BF4B-00C04F79EFBC}") = "Core", "core\src\Core.csproj", "{2EB4837C-1AEB-840D-C3D7-6A10AFED000F}"
EndProject
Project("{FAE04EC0-301F-11D3-BF4B-00C04F79EFBC}") = "Core_Implementation", "core\src\Implementation\Core_Implementation.csproj", "{131C8A74-7F7D-6782-08EB-AD34744B9E41}"
EndProject
Project("{FAE04EC0-301F-11D3-BF4B-00C04F79EFBC}") = "Species_Tests", "core\test\species\Species_Tests.csproj", "{A3001E36-0FC1-996C-D8FB-E2E9447BDE48}"
EndProject
Project("{FAE04EC0-301F-11D3-BF4B-00C04F79EFBC}") = "Ecoregions_Tests", "core\test\ecoregions\Ecoregions_Tests.csproj", "{45E5FA54-31DE-19A7-5A10-FF2B4668F9B2}"
EndProject
Project("{FAE04EC0-301F-11D3-BF4B-00C04F79EFBC}") = "Extension_Dataset", "ext-dataset\src\Extension_Dataset.csproj", "{672865C4-D33E-635A-1CB6-EE7B880B34E2}"
EndProject
Project("{FAE04EC0-301F-11D3-BF4B-00C04F79EFBC}") = "Extension_Admin", "ext-admin\Extension_Admin.csproj", "{4AC6B0F4-B651-1EB9-BF62-A1AD2B6D7AB9}"
EndProject
Project("{FAE04EC0-301F-11D3-BF4B-00C04F79EFBC}") = "Console", "console\Console.csproj", "{389F3134-A47E-B0CF-AD96-3BA619F51631}"
EndProject
Global
	GlobalSection(SolutionConfigurationPlatforms) = preSolution
		Debug|Any CPU = Debug|Any CPU
		Release|Any CPU = Release|Any CPU
	EndGlobalSection
	GlobalSection(ProjectConfigurationPlatforms) = postSolution
		{2EB4837C-1AEB-840D-C3D7-6A10AFED000F}.Debug|Any CPU.ActiveCfg = Debug|Any CPU
		{2EB4837C-1AEB-840D-C3D7-6A10AFED000F}.Debug|Any CPU.Build.0 = Debug|Any CPU
		{2EB4837C-1AEB-840D-C3D7-6A10AFED000F}.Release|Any CPU.ActiveCfg = Release|Any CPU
		{2EB4837C-1AEB-840D-C3D7-6A10AFED000F}.Release|Any CPU.Build.0 = Release|Any CPU
		{131C8A74-7F7D-6782-08EB-AD34744B9E41}.Debug|Any CPU.ActiveCfg = Debug|Any CPU
		{131C8A74-7F7D-6782-08EB-AD34744B9E41}.Debug|Any CPU.Build.0 = Debug|Any CPU
		{131C8A74-7F7D-6782-08EB-AD34744B9E41}.Release|Any CPU.ActiveCfg = Release|Any CPU
		{131C8A74-7F7D-6782-08EB-AD34744B9E41}.Release|Any CPU.Build.0 = Release|Any CPU
		{A3001E36-0FC1-996C-D8FB-E2E9447BDE48}.Debug|Any CPU.ActiveCfg = Debug|Any CPU
		{A3001E36-0FC1-996C-D8FB-E2E9447BDE48}.Debug|Any CPU.Build.0 = Debug|Any CPU
		{A3001E36-0FC1-996C-D8FB-E2E9447BDE48}.Release|Any CPU.ActiveCfg = Release|Any CPU
		{A3001E36-0FC1-996C-D8FB-E2E9447BDE48}.Release|Any CPU.Build.0 = Release|Any CPU
		{45E5FA54-31DE-19A7-5A10-FF2B4668F9B2}.Debug|Any CPU.ActiveCfg = Debug|Any CPU
		{45E5FA54-31DE-19A7-5A10-FF2B4668F9B2}.Debug|Any CPU.Build.0 = Debug|Any CPU
		{45E5FA54-31DE-19A7-5A10-FF2B4668F9B2}.Release|Any CPU.ActiveCfg = Release|Any CPU
		{45E5FA54-31DE-19A7-5A10-FF2B4668F9B2}.Release|Any CPU.Build.0 = Release|Any CPU
		{672865C4-D33E-635A-1CB6-EE7B880B34E2}.Debug|Any CPU.ActiveCfg = Debug|Any CPU
		{672865C4-D33E-635A-1CB6-EE7B880B34E2}.Debug|Any CPU.Build.0 = Debug|Any CPU
		{672865C4-D33E-635A-1CB6-EE7B880B34E2}.Release|Any CPU.ActiveCfg = Release|Any CPU
		{672865C4-D33E-635A-1CB6-EE7B880B34E2}.Release|Any CPU.Build.0 = Release|Any CPU
		{4AC6B0F4-B651-1EB9-BF62-A1AD2B6D7AB9}.Debug|Any CPU.ActiveCfg = Debug|Any CPU
		{4AC6B0F4-B651-1EB9-BF62-A1AD2B6D7AB9}.Debug|Any CPU.Build.0 = Debug|Any CPU
		{4AC6B0F4-B651-1EB9-BF62-A1AD2B6D7AB9}.Release|Any CPU.ActiveCfg = Release|Any CPU
		{4AC6B0F4-B651-1EB9-BF62-A1AD2B6D7AB9}.Release|Any CPU.Build.0 = Release|Any CPU
		{389F3134-A47E-B0CF-AD96-3BA619F51631}.Debug|Any CPU.ActiveCfg = Debug|Any CPU
		{389F3134-A47E-B0CF-AD96-3BA619F51631}.Debug|Any CPU.Build.0 = Debug|Any CPU
		{389F3134-A47E-B0CF-AD96-3BA619F51631}.Release|Any CPU.ActiveCfg = Release|Any CPU
		{389F3134-A47E-B0CF-AD96-3BA619F51631}.Release|Any CPU.Build.0 = Release|Any CPU
	EndGlobalSection
	GlobalSection(SolutionProperties) = preSolution
		HideSolutionNode = FALSE
	EndGlobalSection
EndGlobal
